// !$*UTF8*$!
{
	archiveVersion = 1;
	classes = {
	};
	objectVersion = 50;
	objects = {

/* Begin PBXBuildFile section */
		4E12FAB22242064300D6E414 /* AppDelegate.m in Sources */ = {isa = PBXBuildFile; fileRef = 4E12FAB12242064300D6E414 /* AppDelegate.m */; };
		4E12FAB82242064300D6E414 /* Main.storyboard in Resources */ = {isa = PBXBuildFile; fileRef = 4E12FAB62242064300D6E414 /* Main.storyboard */; };
		4E12FABA2242064500D6E414 /* Assets.xcassets in Resources */ = {isa = PBXBuildFile; fileRef = 4E12FAB92242064500D6E414 /* Assets.xcassets */; };
		4E12FABD2242064500D6E414 /* LaunchScreen.storyboard in Resources */ = {isa = PBXBuildFile; fileRef = 4E12FABB2242064500D6E414 /* LaunchScreen.storyboard */; };
		4E12FAC02242064500D6E414 /* main.m in Sources */ = {isa = PBXBuildFile; fileRef = 4E12FABF2242064500D6E414 /* main.m */; };
		4E12FACA2242064500D6E414 /* contactProjectTests.m in Sources */ = {isa = PBXBuildFile; fileRef = 4E12FAC92242064500D6E414 /* contactProjectTests.m */; };
		4E12FAD52242064500D6E414 /* contactProjectUITests.m in Sources */ = {isa = PBXBuildFile; fileRef = 4E12FAD42242064500D6E414 /* contactProjectUITests.m */; };
		4E12FAE522420F3500D6E414 /* serachViewController.m in Sources */ = {isa = PBXBuildFile; fileRef = 4E12FAE322420F3500D6E414 /* serachViewController.m */; };
		4E12FAE622420F3500D6E414 /* serachViewController.xib in Resources */ = {isa = PBXBuildFile; fileRef = 4E12FAE422420F3500D6E414 /* serachViewController.xib */; };
		4E12FAF022422CAC00D6E414 /* deatailViewController.m in Sources */ = {isa = PBXBuildFile; fileRef = 4E12FAEE22422CAC00D6E414 /* deatailViewController.m */; };
		4E12FAF122422CAC00D6E414 /* deatailViewController.xib in Resources */ = {isa = PBXBuildFile; fileRef = 4E12FAEF22422CAC00D6E414 /* deatailViewController.xib */; };
/* End PBXBuildFile section */

/* Begin PBXContainerItemProxy section */
		4E12FAC62242064500D6E414 /* PBXContainerItemProxy */ = {
			isa = PBXContainerItemProxy;
			containerPortal = 4E12FAA52242064300D6E414 /* Project object */;
			proxyType = 1;
			remoteGlobalIDString = 4E12FAAC2242064300D6E414;
			remoteInfo = contactProject;
		};
		4E12FAD12242064500D6E414 /* PBXContainerItemProxy */ = {
			isa = PBXContainerItemProxy;
			containerPortal = 4E12FAA52242064300D6E414 /* Project object */;
			proxyType = 1;
			remoteGlobalIDString = 4E12FAAC2242064300D6E414;
			remoteInfo = contactProject;
		};
/* End PBXContainerItemProxy section */

/* Begin PBXFileReference section */
		4E12FAAD2242064300D6E414 /* contactProject.app */ = {isa = PBXFileReference; explicitFileType = wrapper.application; includeInIndex = 0; path = contactProject.app; sourceTree = BUILT_PRODUCTS_DIR; };
		4E12FAB02242064300D6E414 /* AppDelegate.h */ = {isa = PBXFileReference; lastKnownFileType = sourcecode.c.h; path = AppDelegate.h; sourceTree = "<group>"; };
		4E12FAB12242064300D6E414 /* AppDelegate.m */ = {isa = PBXFileReference; lastKnownFileType = sourcecode.c.objc; path = AppDelegate.m; sourceTree = "<group>"; };
		4E12FAB72242064300D6E414 /* Base */ = {isa = PBXFileReference; lastKnownFileType = file.storyboard; name = Base; path = Base.lproj/Main.storyboard; sourceTree = "<group>"; };
		4E12FAB92242064500D6E414 /* Assets.xcassets */ = {isa = PBXFileReference; lastKnownFileType = folder.assetcatalog; path = Assets.xcassets; sourceTree = "<group>"; };
		4E12FABC2242064500D6E414 /* Base */ = {isa = PBXFileReference; lastKnownFileType = file.storyboard; name = Base; path = Base.lproj/LaunchScreen.storyboard; sourceTree = "<group>"; };
		4E12FABE2242064500D6E414 /* Info.plist */ = {isa = PBXFileReference; lastKnownFileType = text.plist.xml; path = Info.plist; sourceTree = "<group>"; };
		4E12FABF2242064500D6E414 /* main.m */ = {isa = PBXFileReference; lastKnownFileType = sourcecode.c.objc; path = main.m; sourceTree = "<group>"; };
		4E12FAC52242064500D6E414 /* contactProjectTests.xctest */ = {isa = PBXFileReference; explicitFileType = wrapper.cfbundle; includeInIndex = 0; path = contactProjectTests.xctest; sourceTree = BUILT_PRODUCTS_DIR; };
		4E12FAC92242064500D6E414 /* contactProjectTests.m */ = {isa = PBXFileReference; lastKnownFileType = sourcecode.c.objc; path = contactProjectTests.m; sourceTree = "<group>"; };
		4E12FACB2242064500D6E414 /* Info.plist */ = {isa = PBXFileReference; lastKnownFileType = text.plist.xml; path = Info.plist; sourceTree = "<group>"; };
		4E12FAD02242064500D6E414 /* contactProjectUITests.xctest */ = {isa = PBXFileReference; explicitFileType = wrapper.cfbundle; includeInIndex = 0; path = contactProjectUITests.xctest; sourceTree = BUILT_PRODUCTS_DIR; };
		4E12FAD42242064500D6E414 /* contactProjectUITests.m */ = {isa = PBXFileReference; lastKnownFileType = sourcecode.c.objc; path = contactProjectUITests.m; sourceTree = "<group>"; };
		4E12FAD62242064500D6E414 /* Info.plist */ = {isa = PBXFileReference; lastKnownFileType = text.plist.xml; path = Info.plist; sourceTree = "<group>"; };
		4E12FAE222420F3500D6E414 /* serachViewController.h */ = {isa = PBXFileReference; lastKnownFileType = sourcecode.c.h; path = serachViewController.h; sourceTree = "<group>"; };
		4E12FAE322420F3500D6E414 /* serachViewController.m */ = {isa = PBXFileReference; lastKnownFileType = sourcecode.c.objc; path = serachViewController.m; sourceTree = "<group>"; };
		4E12FAE422420F3500D6E414 /* serachViewController.xib */ = {isa = PBXFileReference; lastKnownFileType = file.xib; path = serachViewController.xib; sourceTree = "<group>"; };
		4E12FAED22422CAC00D6E414 /* deatailViewController.h */ = {isa = PBXFileReference; lastKnownFileType = sourcecode.c.h; path = deatailViewController.h; sourceTree = "<group>"; };
		4E12FAEE22422CAC00D6E414 /* deatailViewController.m */ = {isa = PBXFileReference; lastKnownFileType = sourcecode.c.objc; path = deatailViewController.m; sourceTree = "<group>"; };
		4E12FAEF22422CAC00D6E414 /* deatailViewController.xib */ = {isa = PBXFileReference; lastKnownFileType = file.xib; path = deatailViewController.xib; sourceTree = "<group>"; };
/* End PBXFileReference section */

/* Begin PBXFrameworksBuildPhase section */
		4E12FAAA2242064300D6E414 /* Frameworks */ = {
			isa = PBXFrameworksBuildPhase;
			buildActionMask = 2147483647;
			files = (
			);
			runOnlyForDeploymentPostprocessing = 0;
		};
		4E12FAC22242064500D6E414 /* Frameworks */ = {
			isa = PBXFrameworksBuildPhase;
			buildActionMask = 2147483647;
			files = (
			);
			runOnlyForDeploymentPostprocessing = 0;
		};
		4E12FACD2242064500D6E414 /* Frameworks */ = {
			isa = PBXFrameworksBuildPhase;
			buildActionMask = 2147483647;
			files = (
			);
			runOnlyForDeploymentPostprocessing = 0;
		};
/* End PBXFrameworksBuildPhase section */

/* Begin PBXGroup section */
		4E12FAA42242064300D6E414 = {
			isa = PBXGroup;
			children = (
				4E12FAAF2242064300D6E414 /* contactProject */,
				4E12FAC82242064500D6E414 /* contactProjectTests */,
				4E12FAD32242064500D6E414 /* contactProjectUITests */,
				4E12FAAE2242064300D6E414 /* Products */,
			);
			sourceTree = "<group>";
		};
		4E12FAAE2242064300D6E414 /* Products */ = {
			isa = PBXGroup;
			children = (
				4E12FAAD2242064300D6E414 /* contactProject.app */,
				4E12FAC52242064500D6E414 /* contactProjectTests.xctest */,
				4E12FAD02242064500D6E414 /* contactProjectUITests.xctest */,
			);
			name = Products;
			sourceTree = "<group>";
		};
		4E12FAAF2242064300D6E414 /* contactProject */ = {
			isa = PBXGroup;
			children = (
				4E12FAB02242064300D6E414 /* AppDelegate.h */,
				4E12FAB12242064300D6E414 /* AppDelegate.m */,
				4E12FAE222420F3500D6E414 /* serachViewController.h */,
				4E12FAE322420F3500D6E414 /* serachViewController.m */,
				4E12FAED22422CAC00D6E414 /* deatailViewController.h */,
				4E12FAEE22422CAC00D6E414 /* deatailViewController.m */,
				4E12FAEF22422CAC00D6E414 /* deatailViewController.xib */,
				4E12FAE422420F3500D6E414 /* serachViewController.xib */,
				4E12FAB62242064300D6E414 /* Main.storyboard */,
				4E12FAB92242064500D6E414 /* Assets.xcassets */,
				4E12FABB2242064500D6E414 /* LaunchScreen.storyboard */,
				4E12FABE2242064500D6E414 /* Info.plist */,
				4E12FABF2242064500D6E414 /* main.m */,
			);
			path = contactProject;
			sourceTree = "<group>";
		};
		4E12FAC82242064500D6E414 /* contactProjectTests */ = {
			isa = PBXGroup;
			children = (
				4E12FAC92242064500D6E414 /* contactProjectTests.m */,
				4E12FACB2242064500D6E414 /* Info.plist */,
			);
			path = contactProjectTests;
			sourceTree = "<group>";
		};
		4E12FAD32242064500D6E414 /* contactProjectUITests */ = {
			isa = PBXGroup;
			children = (
				4E12FAD42242064500D6E414 /* contactProjectUITests.m */,
				4E12FAD62242064500D6E414 /* Info.plist */,
			);
			path = contactProjectUITests;
			sourceTree = "<group>";
		};
/* End PBXGroup section */

/* Begin PBXNativeTarget section */
		4E12FAAC2242064300D6E414 /* contactProject */ = {
			isa = PBXNativeTarget;
			buildConfigurationList = 4E12FAD92242064500D6E414 /* Build configuration list for PBXNativeTarget "contactProject" */;
			buildPhases = (
				4E12FAA92242064300D6E414 /* Sources */,
				4E12FAAA2242064300D6E414 /* Frameworks */,
				4E12FAAB2242064300D6E414 /* Resources */,
			);
			buildRules = (
			);
			dependencies = (
			);
			name = contactProject;
			productName = contactProject;
			productReference = 4E12FAAD2242064300D6E414 /* contactProject.app */;
			productType = "com.apple.product-type.application";
		};
		4E12FAC42242064500D6E414 /* contactProjectTests */ = {
			isa = PBXNativeTarget;
			buildConfigurationList = 4E12FADC2242064500D6E414 /* Build configuration list for PBXNativeTarget "contactProjectTests" */;
			buildPhases = (
				4E12FAC12242064500D6E414 /* Sources */,
				4E12FAC22242064500D6E414 /* Frameworks */,
				4E12FAC32242064500D6E414 /* Resources */,
			);
			buildRules = (
			);
			dependencies = (
				4E12FAC72242064500D6E414 /* PBXTargetDependency */,
			);
			name = contactProjectTests;
			productName = contactProjectTests;
			productReference = 4E12FAC52242064500D6E414 /* contactProjectTests.xctest */;
			productType = "com.apple.product-type.bundle.unit-test";
		};
		4E12FACF2242064500D6E414 /* contactProjectUITests */ = {
			isa = PBXNativeTarget;
			buildConfigurationList = 4E12FADF2242064500D6E414 /* Build configuration list for PBXNativeTarget "contactProjectUITests" */;
			buildPhases = (
				4E12FACC2242064500D6E414 /* Sources */,
				4E12FACD2242064500D6E414 /* Frameworks */,
				4E12FACE2242064500D6E414 /* Resources */,
			);
			buildRules = (
			);
			dependencies = (
				4E12FAD22242064500D6E414 /* PBXTargetDependency */,
			);
			name = contactProjectUITests;
			productName = contactProjectUITests;
			productReference = 4E12FAD02242064500D6E414 /* contactProjectUITests.xctest */;
			productType = "com.apple.product-type.bundle.ui-testing";
		};
/* End PBXNativeTarget section */

/* Begin PBXProject section */
		4E12FAA52242064300D6E414 /* Project object */ = {
			isa = PBXProject;
			attributes = {
				LastUpgradeCheck = 1010;
				ORGANIZATIONNAME = "Tawhid Joarder";
				TargetAttributes = {
					4E12FAAC2242064300D6E414 = {
						CreatedOnToolsVersion = 10.1;
					};
					4E12FAC42242064500D6E414 = {
						CreatedOnToolsVersion = 10.1;
						TestTargetID = 4E12FAAC2242064300D6E414;
					};
					4E12FACF2242064500D6E414 = {
						CreatedOnToolsVersion = 10.1;
						TestTargetID = 4E12FAAC2242064300D6E414;
					};
				};
			};
			buildConfigurationList = 4E12FAA82242064300D6E414 /* Build configuration list for PBXProject "contactProject" */;
			compatibilityVersion = "Xcode 9.3";
			developmentRegion = en;
			hasScannedForEncodings = 0;
			knownRegions = (
				en,
				Base,
			);
			mainGroup = 4E12FAA42242064300D6E414;
			productRefGroup = 4E12FAAE2242064300D6E414 /* Products */;
			projectDirPath = "";
			projectRoot = "";
			targets = (
				4E12FAAC2242064300D6E414 /* contactProject */,
				4E12FAC42242064500D6E414 /* contactProjectTests */,
				4E12FACF2242064500D6E414 /* contactProjectUITests */,
			);
		};
/* End PBXProject section */

/* Begin PBXResourcesBuildPhase section */
		4E12FAAB2242064300D6E414 /* Resources */ = {
			isa = PBXResourcesBuildPhase;
			buildActionMask = 2147483647;
			files = (
				4E12FABD2242064500D6E414 /* LaunchScreen.storyboard in Resources */,
				4E12FABA2242064500D6E414 /* Assets.xcassets in Resources */,
				4E12FAE622420F3500D6E414 /* serachViewController.xib in Resources */,
				4E12FAB82242064300D6E414 /* Main.storyboard in Resources */,
				4E12FAF122422CAC00D6E414 /* deatailViewController.xib in Resources */,
			);
			runOnlyForDeploymentPostprocessing = 0;
		};
		4E12FAC32242064500D6E414 /* Resources */ = {
			isa = PBXResourcesBuildPhase;
			buildActionMask = 2147483647;
			files = (
			);
			runOnlyForDeploymentPostprocessing = 0;
		};
		4E12FACE2242064500D6E414 /* Resources */ = {
			isa = PBXResourcesBuildPhase;
			buildActionMask = 2147483647;
			files = (
			);
			runOnlyForDeploymentPostprocessing = 0;
		};
/* End PBXResourcesBuildPhase section */

/* Begin PBXSourcesBuildPhase section */
		4E12FAA92242064300D6E414 /* Sources */ = {
			isa = PBXSourcesBuildPhase;
			buildActionMask = 2147483647;
			files = (
				4E12FAF022422CAC00D6E414 /* deatailViewController.m in Sources */,
				4E12FAC02242064500D6E414 /* main.m in Sources */,
				4E12FAE522420F3500D6E414 /* serachViewController.m in Sources */,
				4E12FAB22242064300D6E414 /* AppDelegate.m in Sources */,
			);
			runOnlyForDeploymentPostprocessing = 0;
		};
		4E12FAC12242064500D6E414 /* Sources */ = {
			isa = PBXSourcesBuildPhase;
			buildActionMask = 2147483647;
			files = (
				4E12FACA2242064500D6E414 /* contactProjectTests.m in Sources */,
			);
			runOnlyForDeploymentPostprocessing = 0;
		};
		4E12FACC2242064500D6E414 /* Sources */ = {
			isa = PBXSourcesBuildPhase;
			buildActionMask = 2147483647;
			files = (
				4E12FAD52242064500D6E414 /* contactProjectUITests.m in Sources */,
			);
			runOnlyForDeploymentPostprocessing = 0;
		};
/* End PBXSourcesBuildPhase section */

/* Begin PBXTargetDependency section */
		4E12FAC72242064500D6E414 /* PBXTargetDependency */ = {
			isa = PBXTargetDependency;
			target = 4E12FAAC2242064300D6E414 /* contactProject */;
			targetProxy = 4E12FAC62242064500D6E414 /* PBXContainerItemProxy */;
		};
		4E12FAD22242064500D6E414 /* PBXTargetDependency */ = {
			isa = PBXTargetDependency;
			target = 4E12FAAC2242064300D6E414 /* contactProject */;
			targetProxy = 4E12FAD12242064500D6E414 /* PBXContainerItemProxy */;
		};
/* End PBXTargetDependency section */

/* Begin PBXVariantGroup section */
		4E12FAB62242064300D6E414 /* Main.storyboard */ = {
			isa = PBXVariantGroup;
			children = (
				4E12FAB72242064300D6E414 /* Base */,
			);
			name = Main.storyboard;
			sourceTree = "<group>";
		};
		4E12FABB2242064500D6E414 /* LaunchScreen.storyboard */ = {
			isa = PBXVariantGroup;
			children = (
				4E12FABC2242064500D6E414 /* Base */,
			);
			name = LaunchScreen.storyboard;
			sourceTree = "<group>";
		};
/* End PBXVariantGroup section */

/* Begin XCBuildConfiguration section */
		4E12FAD72242064500D6E414 /* Debug */ = {
			isa = XCBuildConfiguration;
			buildSettings = {
				ALWAYS_SEARCH_USER_PATHS = NO;
				CLANG_ANALYZER_NONNULL = YES;
				CLANG_ANALYZER_NUMBER_OBJECT_CONVERSION = YES_AGGRESSIVE;
				CLANG_CXX_LANGUAGE_STANDARD = "gnu++14";
				CLANG_CXX_LIBRARY = "libc++";
				CLANG_ENABLE_MODULES = YES;
				CLANG_ENABLE_OBJC_ARC = YES;
				CLANG_ENABLE_OBJC_WEAK = YES;
				CLANG_WARN_BLOCK_CAPTURE_AUTORELEASING = YES;
				CLANG_WARN_BOOL_CONVERSION = YES;
				CLANG_WARN_COMMA = YES;
				CLANG_WARN_CONSTANT_CONVERSION = YES;
				CLANG_WARN_DEPRECATED_OBJC_IMPLEMENTATIONS = YES;
				CLANG_WARN_DIRECT_OBJC_ISA_USAGE = YES_ERROR;
				CLANG_WARN_DOCUMENTATION_COMMENTS = YES;
				CLANG_WARN_EMPTY_BODY = YES;
				CLANG_WARN_ENUM_CONVERSION = YES;
				CLANG_WARN_INFINITE_RECURSION = YES;
				CLANG_WARN_INT_CONVERSION = YES;
				CLANG_WARN_NON_LITERAL_NULL_CONVERSION = YES;
				CLANG_WARN_OBJC_IMPLICIT_RETAIN_SELF = YES;
				CLANG_WARN_OBJC_LITERAL_CONVERSION = YES;
				CLANG_WARN_OBJC_ROOT_CLASS = YES_ERROR;
				CLANG_WARN_RANGE_LOOP_ANALYSIS = YES;
				CLANG_WARN_STRICT_PROTOTYPES = YES;
				CLANG_WARN_SUSPICIOUS_MOVE = YES;
				CLANG_WARN_UNGUARDED_AVAILABILITY = YES_AGGRESSIVE;
				CLANG_WARN_UNREACHABLE_CODE = YES;
				CLANG_WARN__DUPLICATE_METHOD_MATCH = YES;
				CODE_SIGN_IDENTITY = "iPhone Developer";
				COPY_PHASE_STRIP = NO;
				DEBUG_INFORMATION_FORMAT = dwarf;
				ENABLE_STRICT_OBJC_MSGSEND = YES;
				ENABLE_TESTABILITY = YES;
				GCC_C_LANGUAGE_STANDARD = gnu11;
				GCC_DYNAMIC_NO_PIC = NO;
				GCC_NO_COMMON_BLOCKS = YES;
				GCC_OPTIMIZATION_LEVEL = 0;
				GCC_PREPROCESSOR_DEFINITIONS = (
					"DEBUG=1",
					"$(inherited)",
				);
				GCC_WARN_64_TO_32_BIT_CONVERSION = YES;
				GCC_WARN_ABOUT_RETURN_TYPE = YES_ERROR;
				GCC_WARN_UNDECLARED_SELECTOR = YES;
				GCC_WARN_UNINITIALIZED_AUTOS = YES_AGGRESSIVE;
				GCC_WARN_UNUSED_FUNCTION = YES;
				GCC_WARN_UNUSED_VARIABLE = YES;
				IPHONEOS_DEPLOYMENT_TARGET = 12.1;
				MTL_ENABLE_DEBUG_INFO = INCLUDE_SOURCE;
				MTL_FAST_MATH = YES;
				ONLY_ACTIVE_ARCH = YES;
				SDKROOT = iphoneos;
			};
			name = Debug;
		};
		4E12FAD82242064500D6E414 /* Release */ = {
			isa = XCBuildConfiguration;
			buildSettings = {
				ALWAYS_SEARCH_USER_PATHS = NO;
				CLANG_ANALYZER_NONNULL = YES;
				CLANG_ANALYZER_NUMBER_OBJECT_CONVERSION = YES_AGGRESSIVE;
				CLANG_CXX_LANGUAGE_STANDARD = "gnu++14";
				CLANG_CXX_LIBRARY = "libc++";
				CLANG_ENABLE_MODULES = YES;
				CLANG_ENABLE_OBJC_ARC = YES;
				CLANG_ENABLE_OBJC_WEAK = YES;
				CLANG_WARN_BLOCK_CAPTURE_AUTORELEASING = YES;
				CLANG_WARN_BOOL_CONVERSION = YES;
				CLANG_WARN_COMMA = YES;
				CLANG_WARN_CONSTANT_CONVERSION = YES;
				CLANG_WARN_DEPRECATED_OBJC_IMPLEMENTATIONS = YES;
				CLANG_WARN_DIRECT_OBJC_ISA_USAGE = YES_ERROR;
				CLANG_WARN_DOCUMENTATION_COMMENTS = YES;
				CLANG_WARN_EMPTY_BODY = YES;
				CLANG_WARN_ENUM_CONVERSION = YES;
				CLANG_WARN_INFINITE_RECURSION = YES;
				CLANG_WARN_INT_CONVERSION = YES;
				CLANG_WARN_NON_LITERAL_NULL_CONVERSION = YES;
				CLANG_WARN_OBJC_IMPLICIT_RETAIN_SELF = YES;
				CLANG_WARN_OBJC_LITERAL_CONVERSION = YES;
				CLANG_WARN_OBJC_ROOT_CLASS = YES_ERROR;
				CLANG_WARN_RANGE_LOOP_ANALYSIS = YES;
				CLANG_WARN_STRICT_PROTOTYPES = YES;
				CLANG_WARN_SUSPICIOUS_MOVE = YES;
				CLANG_WARN_UNGUARDED_AVAILABILITY = YES_AGGRESSIVE;
				CLANG_WARN_UNREACHABLE_CODE = YES;
				CLANG_WARN__DUPLICATE_METHOD_MATCH = YES;
				CODE_SIGN_IDENTITY = "iPhone Developer";
				COPY_PHASE_STRIP = NO;
				DEBUG_INFORMATION_FORMAT = "dwarf-with-dsym";
				ENABLE_NS_ASSERTIONS = NO;
				ENABLE_STRICT_OBJC_MSGSEND = YES;
				GCC_C_LANGUAGE_STANDARD = gnu11;
				GCC_NO_COMMON_BLOCKS = YES;
				GCC_WARN_64_TO_32_BIT_CONVERSION = YES;
				GCC_WARN_ABOUT_RETURN_TYPE = YES_ERROR;
				GCC_WARN_UNDECLARED_SELECTOR = YES;
				GCC_WARN_UNINITIALIZED_AUTOS = YES_AGGRESSIVE;
				GCC_WARN_UNUSED_FUNCTION = YES;
				GCC_WARN_UNUSED_VARIABLE = YES;
				IPHONEOS_DEPLOYMENT_TARGET = 12.1;
				MTL_ENABLE_DEBUG_INFO = NO;
				MTL_FAST_MATH = YES;
				SDKROOT = iphoneos;
				VALIDATE_PRODUCT = YES;
			};
			name = Release;
		};
		4E12FADA2242064500D6E414 /* Debug */ = {
			isa = XCBuildConfiguration;
			buildSettings = {
				ASSETCATALOG_COMPILER_APPICON_NAME = AppIcon;
				CODE_SIGN_STYLE = Automatic;
				DEVELOPMENT_TEAM = QA5HCG2XW6;
				INFOPLIST_FILE = contactProject/Info.plist;
				LD_RUNPATH_SEARCH_PATHS = (
					"$(inherited)",
					"@executable_path/Frameworks",
				);
				PRODUCT_BUNDLE_IDENTIFIER = com.debotosh.contactProject;
				PRODUCT_NAME = "$(TARGET_NAME)";
				TARGETED_DEVICE_FAMILY = "1,2";
			};
			name = Debug;
		};
		4E12FADB2242064500D6E414 /* Release */ = {
			isa = XCBuildConfiguration;
			buildSettings = {
				ASSETCATALOG_COMPILER_APPICON_NAME = AppIcon;
				CODE_SIGN_STYLE = Automatic;
				DEVELOPMENT_TEAM = QA5HCG2XW6;
				INFOPLIST_FILE = contactProject/Info.plist;
				LD_RUNPATH_SEARCH_PATHS = (
					"$(inherited)",
					"@executable_path/Frameworks",
				);
				PRODUCT_BUNDLE_IDENTIFIER = com.debotosh.contactProject;
				PRODUCT_NAME = "$(TARGET_NAME)";
				TARGETED_DEVICE_FAMILY = "1,2";
			};
			name = Release;
		};
		4E12FADD2242064500D6E414 /* Debug */ = {
			isa = XCBuildConfiguration;
			buildSettings = {
				BUNDLE_LOADER = "$(TEST_HOST)";
				CODE_SIGN_STYLE = Automatic;
				DEVELOPMENT_TEAM = QA5HCG2XW6;
				INFOPLIST_FILE = contactProjectTests/Info.plist;
				LD_RUNPATH_SEARCH_PATHS = (
					"$(inherited)",
					"@executable_path/Frameworks",
					"@loader_path/Frameworks",
				);
				PRODUCT_BUNDLE_IDENTIFIER = com.debotosh.contactProjectTests;
				PRODUCT_NAME = "$(TARGET_NAME)";
				TARGETED_DEVICE_FAMILY = "1,2";
				TEST_HOST = "$(BUILT_PRODUCTS_DIR)/contactProject.app/contactProject";
			};
			name = Debug;
		};
		4E12FADE2242064500D6E414 /* Release */ = {
			isa = XCBuildConfiguration;
			buildSettings = {
				BUNDLE_LOADER = "$(TEST_HOST)";
				CODE_SIGN_STYLE = Automatic;
				DEVELOPMENT_TEAM = QA5HCG2XW6;
				INFOPLIST_FILE = contactProjectTests/Info.plist;
				LD_RUNPATH_SEARCH_PATHS = (
					"$(inherited)",
					"@executable_path/Frameworks",
					"@loader_path/Frameworks",
				);
				PRODUCT_BUNDLE_IDENTIFIER = com.debotosh.contactProjectTests;
				PRODUCT_NAME = "$(TARGET_NAME)";
				TARGETED_DEVICE_FAMILY = "1,2";
				TEST_HOST = "$(BUILT_PRODUCTS_DIR)/contactProject.app/contactProject";
			};
			name = Release;
		};
		4E12FAE02242064500D6E414 /* Debug */ = {
			isa = XCBuildConfiguration;
			buildSettings = {
				CODE_SIGN_STYLE = Automatic;
				DEVELOPMENT_TEAM = QA5HCG2XW6;
				INFOPLIST_FILE = contactProjectUITests/Info.plist;
				LD_RUNPATH_SEARCH_PATHS = (
					"$(inherited)",
					"@executable_path/Frameworks",
					"@loader_path/Frameworks",
				);
				PRODUCT_BUNDLE_IDENTIFIER = com.debotosh.contactProjectUITests;
				PRODUCT_NAME = "$(TARGET_NAME)";
				TARGETED_DEVICE_FAMILY = "1,2";
				TEST_TARGET_NAME = contactProject;
			};
			name = Debug;
		};
		4E12FAE12242064500D6E414 /* Release */ = {
			isa = XCBuildConfiguration;
			buildSettings = {
				CODE_SIGN_STYLE = Automatic;
				DEVELOPMENT_TEAM = QA5HCG2XW6;
				INFOPLIST_FILE = contactProjectUITests/Info.plist;
				LD_RUNPATH_SEARCH_PATHS = (
					"$(inherited)",
					"@executable_path/Frameworks",
					"@loader_path/Frameworks",
				);
				PRODUCT_BUNDLE_IDENTIFIER = com.debotosh.contactProjectUITests;
				PRODUCT_NAME = "$(TARGET_NAME)";
				TARGETED_DEVICE_FAMILY = "1,2";
				TEST_TARGET_NAME = contactProject;
			};
			name = Release;
		};
/* End XCBuildConfiguration section */

/* Begin XCConfigurationList section */
		4E12FAA82242064300D6E414 /* Build configuration list for PBXProject "contactProject" */ = {
			isa = XCConfigurationList;
			buildConfigurations = (
				4E12FAD72242064500D6E414 /* Debug */,
				4E12FAD82242064500D6E414 /* Release */,
			);
			defaultConfigurationIsVisible = 0;
			defaultConfigurationName = Release;
		};
		4E12FAD92242064500D6E414 /* Build configuration list for PBXNativeTarget "contactProject" */ = {
			isa = XCConfigurationList;
			buildConfigurations = (
				4E12FADA2242064500D6E414 /* Debug */,
				4E12FADB2242064500D6E414 /* Release */,
			);
			defaultConfigurationIsVisible = 0;
			defaultConfigurationName = Release;
		};
		4E12FADC2242064500D6E414 /* Build configuration list for PBXNativeTarget "contactProjectTests" */ = {
			isa = XCConfigurationList;
			buildConfigurations = (
				4E12FADD2242064500D6E414 /* Debug */,
				4E12FADE2242064500D6E414 /* Release */,
			);
			defaultConfigurationIsVisible = 0;
			defaultConfigurationName = Release;
		};
		4E12FADF2242064500D6E414 /* Build configuration list for PBXNativeTarget "contactProjectUITests" */ = {
			isa = XCConfigurationList;
			buildConfigurations = (
				4E12FAE02242064500D6E414 /* Debug */,
				4E12FAE12242064500D6E414 /* Release */,
			);
			defaultConfigurationIsVisible = 0;
			defaultConfigurationName = Release;
		};
/* End XCConfigurationList section */
	};
	rootObject = 4E12FAA52242064300D6E414 /* Project object */;
}
